
Microsoft Visual Studio Solution File, Format Version 12.00
# Visual Studio Version 17
VisualStudioVersion = 17.3.32929.385
MinimumVisualStudioVersion = 10.0.40219.1
Project("{FAE04EC0-301F-11D3-BF4B-00C04F79EFBC}") = "discrete project 1", "discrete project 1\discrete project 1.csproj", "{ABFC429B-63B2-4677-99AE-89D0AB85283A}"
EndProject
Global
	GlobalSection(SolutionConfigurationPlatforms) = preSolution
		Debug|Any CPU = Debug|Any CPU
		Release|Any CPU = Release|Any CPU
	EndGlobalSection
	GlobalSection(ProjectConfigurationPlatforms) = postSolution
		{ABFC429B-63B2-4677-99AE-89D0AB85283A}.Debug|Any CPU.ActiveCfg = Debug|Any CPU
		{ABFC429B-63B2-4677-99AE-89D0AB85283A}.Debug|Any CPU.Build.0 = Debug|Any CPU
		{ABFC429B-63B2-4677-99AE-89D0AB85283A}.Release|Any CPU.ActiveCfg = Release|Any CPU
		{ABFC429B-63B2-4677-99AE-89D0AB85283A}.Release|Any CPU.Build.0 = Release|Any CPU
	EndGlobalSection
	GlobalSection(SolutionProperties) = preSolution
		HideSolutionNode = FALSE
	EndGlobalSection
	GlobalSection(ExtensibilityGlobals) = postSolution
		SolutionGuid = {6C5500D2-2DB1-4851-9219-63FF34907231}
	EndGlobalSection
EndGlobal
